<?xml version="1.0" encoding="UTF-8" standalone="yes" ?>
<CodeBlocks_project_file>
	<FileVersion major="1" minor="6" />
	<Project>
		<Option title="InvisibleSpirit_newton" />
		<Option pch_mode="2" />
		<Option compiler="gcc" />
		<Build>
			<Target title="Debug">
				<Option output="bin\Debug\InvisibleSpirit_newton" prefix_auto="1" extension_auto="1" />
				<Option object_output="obj\Debug\" />
				<Option type="1" />
				<Option compiler="gcc" />
				<Compiler>
					<Add option="-g" />
				</Compiler>
			</Target>
			<Target title="Release">
				<Option output="bin\Release\InvisibleSpirit_newton" prefix_auto="1" extension_auto="1" />
				<Option object_output="obj\Release\" />
				<Option type="1" />
				<Option compiler="gcc" />
				<Compiler>
					<Add option="-O2" />
				</Compiler>
				<Linker>
					<Add option="-s" />
				</Linker>
			</Target>
		</Build>
		<Compiler>
			<Add option="-Wall" />
			<Add directory="E:\CodeBlocks\MinGW\include\irr" />
			<Add directory="E:\CodeBlocks\MinGW\include\newton" />
		</Compiler>
		<Linker>
			<Add library="E:\CodeBlocks\MinGW\lib\newton\newton.lib" />
			<Add library="E:\CodeBlocks\MinGW\lib\irr\libIrrlicht.dll.a" />
		</Linker>
		<Unit filename="AnimatedModel.cpp" />
		<Unit filename="AnimatedModel.h" />
		<Unit filename="Ayron.cpp" />
		<Unit filename="Ayron.h" />
		<Unit filename="Button.cpp" />
		<Unit filename="Button.h" />
		<Unit filename="ButtonsInterface.cpp" />
		<Unit filename="ButtonsInterface.h" />
		<Unit filename="Camera.cpp" />
		<Unit filename="Camera.h" />
		<Unit filename="Character.cpp" />
		<Unit filename="Character.h" />
		<Unit filename="DiffuseShaderCallback.h" />
		<Unit filename="Entity.cpp" />
		<Unit filename="Entity.h" />
		<Unit filename="EventManager.cpp" />
		<Unit filename="EventManager.h" />
		<Unit filename="Game.cpp" />
		<Unit filename="Game.h" />
		<Unit filename="Gamepad.cpp" />
		<Unit filename="Gamepad.h" />
		<Unit filename="GameplayInterface.cpp" />
		<Unit filename="GameplayInterface.h" />
		<Unit filename="Hud.cpp" />
		<Unit filename="Hud.h" />
		<Unit filename="IconButton.cpp" />
		<Unit filename="IconButton.h" />
		<Unit filename="IconTextButton.cpp" />
		<Unit filename="IconTextButton.h" />
		<Unit filename="Keyboard.cpp" />
		<Unit filename="Keyboard.h" />
		<Unit filename="LevelMesh.cpp" />
		<Unit filename="LevelMesh.h" />
		<Unit filename="ModelEntity.cpp" />
		<Unit filename="ModelEntity.h" />
		<Unit filename="Picture.cpp" />
		<Unit filename="Picture.h" />
		<Unit filename="PlayerControl.cpp" />
		<Unit filename="PlayerControl.h" />
		<Unit filename="Scene.cpp" />
		<Unit filename="Scene.h" />
		<Unit filename="SceneGameplay.cpp" />
		<Unit filename="SceneGameplay.h" />
		<Unit filename="SceneGameplay_MAP_CANYON.cpp" />
		<Unit filename="SceneGameplay_MAP_CANYON.h" />
		<Unit filename="SceneGameplay_MAP_OXYGEN.cpp" />
		<Unit filename="SceneGameplay_MAP_OXYGEN.h" />
		<Unit filename="ScreenPosition.h" />
		<Unit filename="Settings.cpp" />
		<Unit filename="Settings.h" />
		<Unit filename="SettingsGroup.cpp" />
		<Unit filename="SettingsGroup.h" />
		<Unit filename="ShaderCallback.h" />
		<Unit filename="Shaders.h" />
		<Unit filename="StaticModel.cpp" />
		<Unit filename="StaticModel.h" />
		<Unit filename="TPCamera.cpp" />
		<Unit filename="TPCamera.h" />
		<Unit filename="TextButton.cpp" />
		<Unit filename="TextButton.h" />
		<Unit filename="Util.cpp" />
		<Unit filename="Util.h" />
		<Unit filename="classes.h" />
		<Unit filename="core.h" />
		<Unit filename="enums.h" />
		<Unit filename="main.cpp" />
		<Unit filename="maps.h" />
		<Unit filename="structs.h" />
		<Extensions>
			<code_completion />
			<debugger />
		</Extensions>
	</Project>
</CodeBlocks_project_file>
